
Microsoft Visual Studio Solution File, Format Version 12.00
# Visual Studio Version 17
VisualStudioVersion = 17.9.34616.47
MinimumVisualStudioVersion = 10.0.40219.1
Project("{8BC9CEB8-8B4A-11D0-8D11-00A0C91BC942}") = "StreamReaderandWriter_0004", "StreamReaderandWriter_0004\StreamReaderandWriter_0004.vcxproj", "{EF46DD40-AB90-4C1E-B012-90A31EBD32F0}"
EndProject
Project("{8BC9CEB8-8B4A-11D0-8D11-00A0C91BC942}") = "ioFilewithpath", "ioFilewithpath\ioFilewithpath.vcxproj", "{4A0E582A-5113-4A9D-8F31-EDE7D7917CC6}"
EndProject
Project("{8BC9CEB8-8B4A-11D0-8D11-00A0C91BC942}") = "exceptionStandar.cpp", "exceptionStandar.cpp\exceptionStandar.cpp.vcxproj", "{1B583836-998F-4D42-B389-9CBE91A52A7E}"
EndProject
Project("{8BC9CEB8-8B4A-11D0-8D11-00A0C91BC942}") = "manualException", "manualException\manualException.vcxproj", "{37FA78E0-4BD3-4194-BA77-2C97C0A167C0}"
EndProject
Global
	GlobalSection(SolutionConfigurationPlatforms) = preSolution
		Debug|x64 = Debug|x64
		Debug|x86 = Debug|x86
		Release|x64 = Release|x64
		Release|x86 = Release|x86
	EndGlobalSection
	GlobalSection(ProjectConfigurationPlatforms) = postSolution
		{EF46DD40-AB90-4C1E-B012-90A31EBD32F0}.Debug|x64.ActiveCfg = Debug|x64
		{EF46DD40-AB90-4C1E-B012-90A31EBD32F0}.Debug|x64.Build.0 = Debug|x64
		{EF46DD40-AB90-4C1E-B012-90A31EBD32F0}.Debug|x86.ActiveCfg = Debug|Win32
		{EF46DD40-AB90-4C1E-B012-90A31EBD32F0}.Debug|x86.Build.0 = Debug|Win32
		{EF46DD40-AB90-4C1E-B012-90A31EBD32F0}.Release|x64.ActiveCfg = Release|x64
		{EF46DD40-AB90-4C1E-B012-90A31EBD32F0}.Release|x64.Build.0 = Release|x64
		{EF46DD40-AB90-4C1E-B012-90A31EBD32F0}.Release|x86.ActiveCfg = Release|Win32
		{EF46DD40-AB90-4C1E-B012-90A31EBD32F0}.Release|x86.Build.0 = Release|Win32
		{4A0E582A-5113-4A9D-8F31-EDE7D7917CC6}.Debug|x64.ActiveCfg = Debug|x64
		{4A0E582A-5113-4A9D-8F31-EDE7D7917CC6}.Debug|x64.Build.0 = Debug|x64
		{4A0E582A-5113-4A9D-8F31-EDE7D7917CC6}.Debug|x86.ActiveCfg = Debug|Win32
		{4A0E582A-5113-4A9D-8F31-EDE7D7917CC6}.Debug|x86.Build.0 = Debug|Win32
		{4A0E582A-5113-4A9D-8F31-EDE7D7917CC6}.Release|x64.ActiveCfg = Release|x64
		{4A0E582A-5113-4A9D-8F31-EDE7D7917CC6}.Release|x64.Build.0 = Release|x64
		{4A0E582A-5113-4A9D-8F31-EDE7D7917CC6}.Release|x86.ActiveCfg = Release|Win32
		{4A0E582A-5113-4A9D-8F31-EDE7D7917CC6}.Release|x86.Build.0 = Release|Win32
		{1B583836-998F-4D42-B389-9CBE91A52A7E}.Debug|x64.ActiveCfg = Debug|x64
		{1B583836-998F-4D42-B389-9CBE91A52A7E}.Debug|x64.Build.0 = Debug|x64
		{1B583836-998F-4D42-B389-9CBE91A52A7E}.Debug|x86.ActiveCfg = Debug|Win32
		{1B583836-998F-4D42-B389-9CBE91A52A7E}.Debug|x86.Build.0 = Debug|Win32
		{1B583836-998F-4D42-B389-9CBE91A52A7E}.Release|x64.ActiveCfg = Release|x64
		{1B583836-998F-4D42-B389-9CBE91A52A7E}.Release|x64.Build.0 = Release|x64
		{1B583836-998F-4D42-B389-9CBE91A52A7E}.Release|x86.ActiveCfg = Release|Win32
		{1B583836-998F-4D42-B389-9CBE91A52A7E}.Release|x86.Build.0 = Release|Win32
		{37FA78E0-4BD3-4194-BA77-2C97C0A167C0}.Debug|x64.ActiveCfg = Debug|x64
		{37FA78E0-4BD3-4194-BA77-2C97C0A167C0}.Debug|x64.Build.0 = Debug|x64
		{37FA78E0-4BD3-4194-BA77-2C97C0A167C0}.Debug|x86.ActiveCfg = Debug|Win32
		{37FA78E0-4BD3-4194-BA77-2C97C0A167C0}.Debug|x86.Build.0 = Debug|Win32
		{37FA78E0-4BD3-4194-BA77-2C97C0A167C0}.Release|x64.ActiveCfg = Release|x64
		{37FA78E0-4BD3-4194-BA77-2C97C0A167C0}.Release|x64.Build.0 = Release|x64
		{37FA78E0-4BD3-4194-BA77-2C97C0A167C0}.Release|x86.ActiveCfg = Release|Win32
		{37FA78E0-4BD3-4194-BA77-2C97C0A167C0}.Release|x86.Build.0 = Release|Win32
	EndGlobalSection
	GlobalSection(SolutionProperties) = preSolution
		HideSolutionNode = FALSE
	EndGlobalSection
	GlobalSection(ExtensibilityGlobals) = postSolution
		SolutionGuid = {23B21C4B-123A-4754-999A-AA3F9BE98CC4}
	EndGlobalSection
EndGlobal
